
Microsoft Visual Studio Solution File, Format Version 12.00
# Visual Studio Version 16
VisualStudioVersion = 16.0.31112.23
MinimumVisualStudioVersion = 10.0.40219.1
Project("{FAE04EC0-301F-11D3-BF4B-00C04F79EFBC}") = "GeekQuoteApi", "GeekQuoteApi\GeekQuoteApi.csproj", "{B43BF5A3-0B77-4C48-A556-050682409237}"
EndProject
Global
	GlobalSection(SolutionConfigurationPlatforms) = preSolution
		Debug|Any CPU = Debug|Any CPU
		Release|Any CPU = Release|Any CPU
	EndGlobalSection
	GlobalSection(ProjectConfigurationPlatforms) = postSolution
		{B43BF5A3-0B77-4C48-A556-050682409237}.Debug|Any CPU.ActiveCfg = Debug|Any CPU
		{B43BF5A3-0B77-4C48-A556-050682409237}.Debug|Any CPU.Build.0 = Debug|Any CPU
		{B43BF5A3-0B77-4C48-A556-050682409237}.Release|Any CPU.ActiveCfg = Release|Any CPU
		{B43BF5A3-0B77-4C48-A556-050682409237}.Release|Any CPU.Build.0 = Release|Any CPU
	EndGlobalSection
	GlobalSection(SolutionProperties) = preSolution
		HideSolutionNode = FALSE
	EndGlobalSection
	GlobalSection(ExtensibilityGlobals) = postSolution
		SolutionGuid = {A2B992AE-A216-47A8-AA37-5E9C49D7CA79}
	EndGlobalSection
EndGlobal
