
Microsoft Visual Studio Solution File, Format Version 12.00
# Visual Studio Version 16
VisualStudioVersion = 16.0.31112.23
MinimumVisualStudioVersion = 10.0.40219.1
Project("{FAE04EC0-301F-11D3-BF4B-00C04F79EFBC}") = "WpfTest", "WpfTest\WpfTest.csproj", "{B7820F45-6B28-4650-8989-C391D608702B}"
EndProject
Global
	GlobalSection(SolutionConfigurationPlatforms) = preSolution
		Debug|Any CPU = Debug|Any CPU
		Release|Any CPU = Release|Any CPU
	EndGlobalSection
	GlobalSection(ProjectConfigurationPlatforms) = postSolution
		{B7820F45-6B28-4650-8989-C391D608702B}.Debug|Any CPU.ActiveCfg = Debug|Any CPU
		{B7820F45-6B28-4650-8989-C391D608702B}.Debug|Any CPU.Build.0 = Debug|Any CPU
		{B7820F45-6B28-4650-8989-C391D608702B}.Release|Any CPU.ActiveCfg = Release|Any CPU
		{B7820F45-6B28-4650-8989-C391D608702B}.Release|Any CPU.Build.0 = Release|Any CPU
	EndGlobalSection
	GlobalSection(SolutionProperties) = preSolution
		HideSolutionNode = FALSE
	EndGlobalSection
	GlobalSection(ExtensibilityGlobals) = postSolution
		SolutionGuid = {8156C876-0B01-446F-B252-1FC1092B51EA}
	EndGlobalSection
EndGlobal
