
Microsoft Visual Studio Solution File, Format Version 12.00
# Visual Studio Version 16
VisualStudioVersion = 16.0.31112.23
MinimumVisualStudioVersion = 10.0.40219.1
Project("{FAE04EC0-301F-11D3-BF4B-00C04F79EFBC}") = "ZillowAnalyzer", "ZillowAnalyzer\ZillowAnalyzer.csproj", "{0597E667-BB31-4467-A9CA-A09BE724530C}"
EndProject
Global
	GlobalSection(SolutionConfigurationPlatforms) = preSolution
		Debug|Any CPU = Debug|Any CPU
		Release|Any CPU = Release|Any CPU
	EndGlobalSection
	GlobalSection(ProjectConfigurationPlatforms) = postSolution
		{0597E667-BB31-4467-A9CA-A09BE724530C}.Debug|Any CPU.ActiveCfg = Debug|Any CPU
		{0597E667-BB31-4467-A9CA-A09BE724530C}.Debug|Any CPU.Build.0 = Debug|Any CPU
		{0597E667-BB31-4467-A9CA-A09BE724530C}.Release|Any CPU.ActiveCfg = Release|Any CPU
		{0597E667-BB31-4467-A9CA-A09BE724530C}.Release|Any CPU.Build.0 = Release|Any CPU
	EndGlobalSection
	GlobalSection(SolutionProperties) = preSolution
		HideSolutionNode = FALSE
	EndGlobalSection
	GlobalSection(ExtensibilityGlobals) = postSolution
		SolutionGuid = {4FC4F45A-4180-4CB4-94C7-FDF48E833969}
	EndGlobalSection
EndGlobal
